
Microsoft Visual Studio Solution File, Format Version 10.00
# Visual Studio 2008
Project("{2150E333-8FDC-42A3-9474-1A3956D46DE8}") = "Library", "Library", "{EC4B88B3-578B-41D7-AF90-B39F2E74C96A}"
EndProject
Project("{2150E333-8FDC-42A3-9474-1A3956D46DE8}") = "Modules", "Modules", "{37BE685B-7789-4CFD-9F9C-4633C3A5778E}"
EndProject
Project("{2150E333-8FDC-42A3-9474-1A3956D46DE8}") = "Core", "Core", "{B086D515-2DD4-4B2C-AC83-B8AED4B64381}"
EndProject
Project("{FAE04EC0-301F-11D3-BF4B-00C04F79EFBC}") = "SageFrame.Common", "SageFrame.Common\SageFrame.Common.csproj", "{6AF77849-4E47-4E74-8944-4BDAD509C0A3}"
EndProject
Project("{FAE04EC0-301F-11D3-BF4B-00C04F79EFBC}") = "SageFrame.IPAddressToCountryResolver", "SageFrame.IPAddressToCountryResolver\SageFrame.IPAddressToCountryResolver.csproj", "{112F669E-84E6-4124-961B-7EFE7C89852B}"
EndProject
Project("{FAE04EC0-301F-11D3-BF4B-00C04F79EFBC}") = "SageFrame.Core", "SageFrame.Core\SageFrame.Core.csproj", "{E01DB85D-70F0-4A32-AD9D-9D5CA1771D85}"
EndProject
Project("{FAE04EC0-301F-11D3-BF4B-00C04F79EFBC}") = "SageFrame.FileManager", "SageFrame.FileManager\SageFrame.FileManager.csproj", "{63BD8284-C3C4-4C99-86EB-99319C4CECE4}"
EndProject
Project("{FAE04EC0-301F-11D3-BF4B-00C04F79EFBC}") = "SageFrame.Security", "SageFrame.Security\SageFrame.Security.csproj", "{8773EC29-792D-4EB1-BAB3-5137E34DF82C}"
EndProject
Project("{FAE04EC0-301F-11D3-BF4B-00C04F79EFBC}") = "SageFrame.BreadCrum", "SageFrame.BreadCrum\SageFrame.BreadCrum.csproj", "{4F0D17C3-EDF5-4E55-9704-03B5CC2E1265}"
EndProject
Project("{FAE04EC0-301F-11D3-BF4B-00C04F79EFBC}") = "SageFrame.Templating", "SageFrame.Templating\SageFrame.Templating.csproj", "{0548FFEE-28AF-4A67-A41E-4783A38E952C}"
EndProject
Project("{FAE04EC0-301F-11D3-BF4B-00C04F79EFBC}") = "SageFrame.ModuleManager", "SageFrame.ModuleManager\SageFrame.ModuleManager.csproj", "{19EA37AD-EAE6-40E7-8440-F455F65D1BD5}"
EndProject
Project("{FAE04EC0-301F-11D3-BF4B-00C04F79EFBC}") = "SageFrame.Pages", "SageFrame.Pages\SageFrame.Pages.csproj", "{C714C93B-B55D-4842-9D7F-98C7A2272FA4}"
EndProject
Project("{FAE04EC0-301F-11D3-BF4B-00C04F79EFBC}") = "SageFrame.MenuManager", "SageFrame.MenuManager\SageFrame.MenuManager.csproj", "{B9C7C3B9-D1B7-4A2A-9D9A-2B855FCF927E}"
EndProject
Project("{FAE04EC0-301F-11D3-BF4B-00C04F79EFBC}") = "SageFrame.PortalManagement", "SageFrame.PortalManagement\SageFrame.PortalManagement.csproj", "{1D3E59E6-F1A1-4244-9D95-20ADBBCD1DF0}"
EndProject
Project("{FAE04EC0-301F-11D3-BF4B-00C04F79EFBC}") = "SageFrame.SageBanner", "SageFrame.SageBanner\SageFrame.SageBanner.csproj", "{0FC8F7AD-3814-4861-98D9-D518A44503AD}"
EndProject
Project("{FAE04EC0-301F-11D3-BF4B-00C04F79EFBC}") = "SageFrame.SEOExtension", "SageFrame.SEOExtension\SageFrame.SEOExtension.csproj", "{F44B7F70-482F-4B58-9E83-506188E56CE7}"
EndProject
Project("{FAE04EC0-301F-11D3-BF4B-00C04F79EFBC}") = "SageFrame.Logo", "SageFrame.Logo\SageFrame.Logo.csproj", "{805EB109-A0D7-417C-ADC5-873548C9A14B}"
EndProject
Project("{FAE04EC0-301F-11D3-BF4B-00C04F79EFBC}") = "SageFrame.IpAccess", "SageFrame.IpAccess\SageFrame.IpAccess.csproj", "{0CEE745A-DE35-4DCB-A5C5-94D99925CF31}"
EndProject
Project("{FAE04EC0-301F-11D3-BF4B-00C04F79EFBC}") = "SageFrame.Scheduler", "SageFrame.Scheduler\SageFrame.Scheduler.csproj", "{FCECD2E4-4446-4734-8791-BE40A5E16198}"
EndProject
Project("{FAE04EC0-301F-11D3-BF4B-00C04F79EFBC}") = "DashBoardControl", "SageFrame.SiteAnalytics\DashBoardControl.csproj", "{F6873FB1-9171-4747-B1B4-77431B892E16}"
EndProject
Project("{FAE04EC0-301F-11D3-BF4B-00C04F79EFBC}") = "SageFrame.OauthID", "SageFrame.OauthID\SageFrame.OauthID.csproj", "{5DBEA933-40FA-4360-9BFE-79B6B99DE657}"
EndProject
Project("{FAE04EC0-301F-11D3-BF4B-00C04F79EFBC}") = "SageFrame.ExtractTemplate", "SageFrame.ExtractTemplate\SageFrame.ExtractTemplate.csproj", "{09DA860E-52C9-4371-8255-96ACF8F057CD}"
EndProject
Project("{FAE04EC0-301F-11D3-BF4B-00C04F79EFBC}") = "GoogleAdUnit", "GoogleAdUnit\GoogleAdUnit.csproj", "{6FEFEC25-44C0-499F-AC69-CA530BD34A15}"
EndProject
Project("{FAE04EC0-301F-11D3-BF4B-00C04F79EFBC}") = "SageFrame.Dashboard", "SageFrame.Dashboard\SageFrame.Dashboard.csproj", "{CFB32E58-8BE4-4B85-9DC6-77DAB8D3825D}"
EndProject
Project("{E24C65DC-7377-472B-9ABA-BC803B73C61A}") = "SageFrame", "SageFrame\", "{660BBDD5-CA4D-4B01-91FB-5F871EEAC0B1}"
	ProjectSection(WebsiteProperties) = preProject
		TargetFramework = "3.5"
		ProjectReferences = "{F6873FB1-9171-4747-B1B4-77431B892E16}|DashBoardControl.dll;{6FEFEC25-44C0-499F-AC69-CA530BD34A15}|SFE.GoogleAdUnit.dll;{4F0D17C3-EDF5-4E55-9704-03B5CC2E1265}|SageFrame.BreadCrum.dll;{E01DB85D-70F0-4A32-AD9D-9D5CA1771D85}|SageFrame.Core.dll;{CFB32E58-8BE4-4B85-9DC6-77DAB8D3825D}|SageFrame.Dashboard.dll;{09DA860E-52C9-4371-8255-96ACF8F057CD}|SageFrame.ExtractTemplate.dll;{63BD8284-C3C4-4C99-86EB-99319C4CECE4}|SageFrame.FileManager.dll;{0CEE745A-DE35-4DCB-A5C5-94D99925CF31}|SageFrame.IpAccess.dll;{112F669E-84E6-4124-961B-7EFE7C89852B}|SageFrame.IPAddressToCountryResolver.dll;{805EB109-A0D7-417C-ADC5-873548C9A14B}|SageFrame.Logo.dll;{B9C7C3B9-D1B7-4A2A-9D9A-2B855FCF927E}|SageFrame.MenuManager.dll;{19EA37AD-EAE6-40E7-8440-F455F65D1BD5}|SageFrame.ModuleManager.dll;{5DBEA933-40FA-4360-9BFE-79B6B99DE657}|SageFrame.OauthID.dll;{C714C93B-B55D-4842-9D7F-98C7A2272FA4}|SageFrame.Pages.dll;{1D3E59E6-F1A1-4244-9D95-20ADBBCD1DF0}|SageFrame.PortalManagement.dll;{0FC8F7AD-3814-4861-98D9-D518A44503AD}|SageFrame.SageBanner.dll;{FCECD2E4-4446-4734-8791-BE40A5E16198}|SageFrame.Scheduler.dll;{8773EC29-792D-4EB1-BAB3-5137E34DF82C}|SageFrame.Security.dll;{F44B7F70-482F-4B58-9E83-506188E56CE7}|SageFrame.SEOExtension.dll;{0548FFEE-28AF-4A67-A41E-4783A38E952C}|SageFrame.Templating.dll;{6AF77849-4E47-4E74-8944-4BDAD509C0A3}|SageFrame.Common.dll;{B6E897AE-A59A-483D-8476-3CCCEB62D5A1}|ContactUs.dll;{5FB3E456-D1CB-4E2A-819C-7DD6C8D917A4}|SageFrame.CDN.dll;{4ED22F59-EF41-496B-A3BB-DB2DF8272939}|SageFrame.TaskToDo.dll;"
		Debug.AspNetCompiler.VirtualPath = "/SageFrame"
		Debug.AspNetCompiler.PhysicalPath = "SageFrame\"
		Debug.AspNetCompiler.TargetPath = "PrecompiledWeb\SageFrame\"
		Debug.AspNetCompiler.Updateable = "true"
		Debug.AspNetCompiler.ForceOverwrite = "true"
		Debug.AspNetCompiler.FixedNames = "false"
		Debug.AspNetCompiler.Debug = "True"
		Release.AspNetCompiler.VirtualPath = "/SageFrame"
		Release.AspNetCompiler.PhysicalPath = "SageFrame\"
		Release.AspNetCompiler.TargetPath = "PrecompiledWeb\SageFrame\"
		Release.AspNetCompiler.Updateable = "true"
		Release.AspNetCompiler.ForceOverwrite = "true"
		Release.AspNetCompiler.FixedNames = "false"
		Release.AspNetCompiler.Debug = "False"
		VWDPort = "63664"
	EndProjectSection
EndProject
Project("{FAE04EC0-301F-11D3-BF4B-00C04F79EFBC}") = "SageFrame.NewsLetter", "SageFrame.NewsLetter\SageFrame.NewsLetter.csproj", "{30BBD46A-3371-4ED2-95B4-512FE1C54F88}"
EndProject
Project("{FAE04EC0-301F-11D3-BF4B-00C04F79EFBC}") = "SageFrame.ContactUs", "SageFrame.ContactUs\SageFrame.ContactUs.csproj", "{B6E897AE-A59A-483D-8476-3CCCEB62D5A1}"
EndProject
Project("{FAE04EC0-301F-11D3-BF4B-00C04F79EFBC}") = "SageFrame.Localization", "SageFrame.Localization\SageFrame.Localization.csproj", "{D9FFA086-318C-48C6-9DD1-43955382CDEF}"
EndProject
Project("{FAE04EC0-301F-11D3-BF4B-00C04F79EFBC}") = "SageFrame.CDN", "SageFrame.CDN\SageFrame.CDN.csproj", "{5FB3E456-D1CB-4E2A-819C-7DD6C8D917A4}"
EndProject
Project("{FAE04EC0-301F-11D3-BF4B-00C04F79EFBC}") = "SageFrame.TaskToDo", "SageFrame.TaskToDo\SageFrame.TaskToDo.csproj", "{4ED22F59-EF41-496B-A3BB-DB2DF8272939}"
EndProject
Global
	GlobalSection(SolutionConfigurationPlatforms) = preSolution
		Debug|Any CPU = Debug|Any CPU
		Debug|Mixed Platforms = Debug|Mixed Platforms
		Release|Any CPU = Release|Any CPU
		Release|Mixed Platforms = Release|Mixed Platforms
	EndGlobalSection
	GlobalSection(ProjectConfigurationPlatforms) = postSolution
		{6AF77849-4E47-4E74-8944-4BDAD509C0A3}.Debug|Any CPU.ActiveCfg = Debug|Any CPU
		{6AF77849-4E47-4E74-8944-4BDAD509C0A3}.Debug|Mixed Platforms.ActiveCfg = Debug|Any CPU
		{6AF77849-4E47-4E74-8944-4BDAD509C0A3}.Debug|Mixed Platforms.Build.0 = Debug|Any CPU
		{6AF77849-4E47-4E74-8944-4BDAD509C0A3}.Release|Any CPU.ActiveCfg = Release|Any CPU
		{6AF77849-4E47-4E74-8944-4BDAD509C0A3}.Release|Any CPU.Build.0 = Release|Any CPU
		{6AF77849-4E47-4E74-8944-4BDAD509C0A3}.Release|Mixed Platforms.ActiveCfg = Release|Any CPU
		{6AF77849-4E47-4E74-8944-4BDAD509C0A3}.Release|Mixed Platforms.Build.0 = Release|Any CPU
		{112F669E-84E6-4124-961B-7EFE7C89852B}.Debug|Any CPU.ActiveCfg = Debug|Any CPU
		{112F669E-84E6-4124-961B-7EFE7C89852B}.Debug|Mixed Platforms.ActiveCfg = Debug|Any CPU
		{112F669E-84E6-4124-961B-7EFE7C89852B}.Debug|Mixed Platforms.Build.0 = Debug|Any CPU
		{112F669E-84E6-4124-961B-7EFE7C89852B}.Release|Any CPU.ActiveCfg = Release|Any CPU
		{112F669E-84E6-4124-961B-7EFE7C89852B}.Release|Any CPU.Build.0 = Release|Any CPU
		{112F669E-84E6-4124-961B-7EFE7C89852B}.Release|Mixed Platforms.ActiveCfg = Release|Any CPU
		{112F669E-84E6-4124-961B-7EFE7C89852B}.Release|Mixed Platforms.Build.0 = Release|Any CPU
		{E01DB85D-70F0-4A32-AD9D-9D5CA1771D85}.Debug|Any CPU.ActiveCfg = Debug|Any CPU
		{E01DB85D-70F0-4A32-AD9D-9D5CA1771D85}.Debug|Any CPU.Build.0 = Debug|Any CPU
		{E01DB85D-70F0-4A32-AD9D-9D5CA1771D85}.Debug|Mixed Platforms.ActiveCfg = Debug|Any CPU
		{E01DB85D-70F0-4A32-AD9D-9D5CA1771D85}.Debug|Mixed Platforms.Build.0 = Debug|Any CPU
		{E01DB85D-70F0-4A32-AD9D-9D5CA1771D85}.Release|Any CPU.ActiveCfg = Release|Any CPU
		{E01DB85D-70F0-4A32-AD9D-9D5CA1771D85}.Release|Any CPU.Build.0 = Release|Any CPU
		{E01DB85D-70F0-4A32-AD9D-9D5CA1771D85}.Release|Mixed Platforms.ActiveCfg = Release|Any CPU
		{E01DB85D-70F0-4A32-AD9D-9D5CA1771D85}.Release|Mixed Platforms.Build.0 = Release|Any CPU
		{63BD8284-C3C4-4C99-86EB-99319C4CECE4}.Debug|Any CPU.ActiveCfg = Debug|Any CPU
		{63BD8284-C3C4-4C99-86EB-99319C4CECE4}.Debug|Mixed Platforms.ActiveCfg = Debug|Any CPU
		{63BD8284-C3C4-4C99-86EB-99319C4CECE4}.Debug|Mixed Platforms.Build.0 = Debug|Any CPU
		{63BD8284-C3C4-4C99-86EB-99319C4CECE4}.Release|Any CPU.ActiveCfg = Release|Any CPU
		{63BD8284-C3C4-4C99-86EB-99319C4CECE4}.Release|Any CPU.Build.0 = Release|Any CPU
		{63BD8284-C3C4-4C99-86EB-99319C4CECE4}.Release|Mixed Platforms.ActiveCfg = Release|Any CPU
		{63BD8284-C3C4-4C99-86EB-99319C4CECE4}.Release|Mixed Platforms.Build.0 = Release|Any CPU
		{8773EC29-792D-4EB1-BAB3-5137E34DF82C}.Debug|Any CPU.ActiveCfg = Debug|Any CPU
		{8773EC29-792D-4EB1-BAB3-5137E34DF82C}.Debug|Any CPU.Build.0 = Debug|Any CPU
		{8773EC29-792D-4EB1-BAB3-5137E34DF82C}.Debug|Mixed Platforms.ActiveCfg = Debug|Any CPU
		{8773EC29-792D-4EB1-BAB3-5137E34DF82C}.Debug|Mixed Platforms.Build.0 = Debug|Any CPU
		{8773EC29-792D-4EB1-BAB3-5137E34DF82C}.Release|Any CPU.ActiveCfg = Release|Any CPU
		{8773EC29-792D-4EB1-BAB3-5137E34DF82C}.Release|Any CPU.Build.0 = Release|Any CPU
		{8773EC29-792D-4EB1-BAB3-5137E34DF82C}.Release|Mixed Platforms.ActiveCfg = Release|Any CPU
		{8773EC29-792D-4EB1-BAB3-5137E34DF82C}.Release|Mixed Platforms.Build.0 = Release|Any CPU
		{4F0D17C3-EDF5-4E55-9704-03B5CC2E1265}.Debug|Any CPU.ActiveCfg = Debug|Any CPU
		{4F0D17C3-EDF5-4E55-9704-03B5CC2E1265}.Debug|Any CPU.Build.0 = Debug|Any CPU
		{4F0D17C3-EDF5-4E55-9704-03B5CC2E1265}.Debug|Mixed Platforms.ActiveCfg = Debug|Any CPU
		{4F0D17C3-EDF5-4E55-9704-03B5CC2E1265}.Debug|Mixed Platforms.Build.0 = Debug|Any CPU
		{4F0D17C3-EDF5-4E55-9704-03B5CC2E1265}.Release|Any CPU.ActiveCfg = Release|Any CPU
		{4F0D17C3-EDF5-4E55-9704-03B5CC2E1265}.Release|Any CPU.Build.0 = Release|Any CPU
		{4F0D17C3-EDF5-4E55-9704-03B5CC2E1265}.Release|Mixed Platforms.ActiveCfg = Release|Any CPU
		{4F0D17C3-EDF5-4E55-9704-03B5CC2E1265}.Release|Mixed Platforms.Build.0 = Release|Any CPU
		{0548FFEE-28AF-4A67-A41E-4783A38E952C}.Debug|Any CPU.ActiveCfg = Debug|Any CPU
		{0548FFEE-28AF-4A67-A41E-4783A38E952C}.Debug|Any CPU.Build.0 = Debug|Any CPU
		{0548FFEE-28AF-4A67-A41E-4783A38E952C}.Debug|Mixed Platforms.ActiveCfg = Debug|Any CPU
		{0548FFEE-28AF-4A67-A41E-4783A38E952C}.Debug|Mixed Platforms.Build.0 = Debug|Any CPU
		{0548FFEE-28AF-4A67-A41E-4783A38E952C}.Release|Any CPU.ActiveCfg = Release|Any CPU
		{0548FFEE-28AF-4A67-A41E-4783A38E952C}.Release|Any CPU.Build.0 = Release|Any CPU
		{0548FFEE-28AF-4A67-A41E-4783A38E952C}.Release|Mixed Platforms.ActiveCfg = Release|Any CPU
		{0548FFEE-28AF-4A67-A41E-4783A38E952C}.Release|Mixed Platforms.Build.0 = Release|Any CPU
		{19EA37AD-EAE6-40E7-8440-F455F65D1BD5}.Debug|Any CPU.ActiveCfg = Debug|Any CPU
		{19EA37AD-EAE6-40E7-8440-F455F65D1BD5}.Debug|Any CPU.Build.0 = Debug|Any CPU
		{19EA37AD-EAE6-40E7-8440-F455F65D1BD5}.Debug|Mixed Platforms.ActiveCfg = Debug|Any CPU
		{19EA37AD-EAE6-40E7-8440-F455F65D1BD5}.Debug|Mixed Platforms.Build.0 = Debug|Any CPU
		{19EA37AD-EAE6-40E7-8440-F455F65D1BD5}.Release|Any CPU.ActiveCfg = Release|Any CPU
		{19EA37AD-EAE6-40E7-8440-F455F65D1BD5}.Release|Any CPU.Build.0 = Release|Any CPU
		{19EA37AD-EAE6-40E7-8440-F455F65D1BD5}.Release|Mixed Platforms.ActiveCfg = Release|Any CPU
		{19EA37AD-EAE6-40E7-8440-F455F65D1BD5}.Release|Mixed Platforms.Build.0 = Release|Any CPU
		{C714C93B-B55D-4842-9D7F-98C7A2272FA4}.Debug|Any CPU.ActiveCfg = Debug|Any CPU
		{C714C93B-B55D-4842-9D7F-98C7A2272FA4}.Debug|Any CPU.Build.0 = Debug|Any CPU
		{C714C93B-B55D-4842-9D7F-98C7A2272FA4}.Debug|Mixed Platforms.ActiveCfg = Debug|Any CPU
		{C714C93B-B55D-4842-9D7F-98C7A2272FA4}.Debug|Mixed Platforms.Build.0 = Debug|Any CPU
		{C714C93B-B55D-4842-9D7F-98C7A2272FA4}.Release|Any CPU.ActiveCfg = Release|Any CPU
		{C714C93B-B55D-4842-9D7F-98C7A2272FA4}.Release|Any CPU.Build.0 = Release|Any CPU
		{C714C93B-B55D-4842-9D7F-98C7A2272FA4}.Release|Mixed Platforms.ActiveCfg = Release|Any CPU
		{C714C93B-B55D-4842-9D7F-98C7A2272FA4}.Release|Mixed Platforms.Build.0 = Release|Any CPU
		{B9C7C3B9-D1B7-4A2A-9D9A-2B855FCF927E}.Debug|Any CPU.ActiveCfg = Debug|Any CPU
		{B9C7C3B9-D1B7-4A2A-9D9A-2B855FCF927E}.Debug|Any CPU.Build.0 = Debug|Any CPU
		{B9C7C3B9-D1B7-4A2A-9D9A-2B855FCF927E}.Debug|Mixed Platforms.ActiveCfg = Debug|Any CPU
		{B9C7C3B9-D1B7-4A2A-9D9A-2B855FCF927E}.Debug|Mixed Platforms.Build.0 = Debug|Any CPU
		{B9C7C3B9-D1B7-4A2A-9D9A-2B855FCF927E}.Release|Any CPU.ActiveCfg = Release|Any CPU
		{B9C7C3B9-D1B7-4A2A-9D9A-2B855FCF927E}.Release|Any CPU.Build.0 = Release|Any CPU
		{B9C7C3B9-D1B7-4A2A-9D9A-2B855FCF927E}.Release|Mixed Platforms.ActiveCfg = Release|Any CPU
		{B9C7C3B9-D1B7-4A2A-9D9A-2B855FCF927E}.Release|Mixed Platforms.Build.0 = Release|Any CPU
		{1D3E59E6-F1A1-4244-9D95-20ADBBCD1DF0}.Debug|Any CPU.ActiveCfg = Debug|Any CPU
		{1D3E59E6-F1A1-4244-9D95-20ADBBCD1DF0}.Debug|Any CPU.Build.0 = Debug|Any CPU
		{1D3E59E6-F1A1-4244-9D95-20ADBBCD1DF0}.Debug|Mixed Platforms.ActiveCfg = Debug|Any CPU
		{1D3E59E6-F1A1-4244-9D95-20ADBBCD1DF0}.Debug|Mixed Platforms.Build.0 = Debug|Any CPU
		{1D3E59E6-F1A1-4244-9D95-20ADBBCD1DF0}.Release|Any CPU.ActiveCfg = Release|Any CPU
		{1D3E59E6-F1A1-4244-9D95-20ADBBCD1DF0}.Release|Any CPU.Build.0 = Release|Any CPU
		{1D3E59E6-F1A1-4244-9D95-20ADBBCD1DF0}.Release|Mixed Platforms.ActiveCfg = Release|Any CPU
		{1D3E59E6-F1A1-4244-9D95-20ADBBCD1DF0}.Release|Mixed Platforms.Build.0 = Release|Any CPU
		{0FC8F7AD-3814-4861-98D9-D518A44503AD}.Debug|Any CPU.ActiveCfg = Debug|Any CPU
		{0FC8F7AD-3814-4861-98D9-D518A44503AD}.Debug|Any CPU.Build.0 = Debug|Any CPU
		{0FC8F7AD-3814-4861-98D9-D518A44503AD}.Debug|Mixed Platforms.ActiveCfg = Debug|Any CPU
		{0FC8F7AD-3814-4861-98D9-D518A44503AD}.Debug|Mixed Platforms.Build.0 = Debug|Any CPU
		{0FC8F7AD-3814-4861-98D9-D518A44503AD}.Release|Any CPU.ActiveCfg = Release|Any CPU
		{0FC8F7AD-3814-4861-98D9-D518A44503AD}.Release|Any CPU.Build.0 = Release|Any CPU
		{0FC8F7AD-3814-4861-98D9-D518A44503AD}.Release|Mixed Platforms.ActiveCfg = Release|Any CPU
		{0FC8F7AD-3814-4861-98D9-D518A44503AD}.Release|Mixed Platforms.Build.0 = Release|Any CPU
		{F44B7F70-482F-4B58-9E83-506188E56CE7}.Debug|Any CPU.ActiveCfg = Debug|Any CPU
		{F44B7F70-482F-4B58-9E83-506188E56CE7}.Debug|Any CPU.Build.0 = Debug|Any CPU
		{F44B7F70-482F-4B58-9E83-506188E56CE7}.Debug|Mixed Platforms.ActiveCfg = Debug|Any CPU
		{F44B7F70-482F-4B58-9E83-506188E56CE7}.Debug|Mixed Platforms.Build.0 = Debug|Any CPU
		{F44B7F70-482F-4B58-9E83-506188E56CE7}.Release|Any CPU.ActiveCfg = Release|Any CPU
		{F44B7F70-482F-4B58-9E83-506188E56CE7}.Release|Any CPU.Build.0 = Release|Any CPU
		{F44B7F70-482F-4B58-9E83-506188E56CE7}.Release|Mixed Platforms.ActiveCfg = Release|Any CPU
		{F44B7F70-482F-4B58-9E83-506188E56CE7}.Release|Mixed Platforms.Build.0 = Release|Any CPU
		{805EB109-A0D7-417C-ADC5-873548C9A14B}.Debug|Any CPU.ActiveCfg = Debug|Any CPU
		{805EB109-A0D7-417C-ADC5-873548C9A14B}.Debug|Any CPU.Build.0 = Debug|Any CPU
		{805EB109-A0D7-417C-ADC5-873548C9A14B}.Debug|Mixed Platforms.ActiveCfg = Debug|Any CPU
		{805EB109-A0D7-417C-ADC5-873548C9A14B}.Debug|Mixed Platforms.Build.0 = Debug|Any CPU
		{805EB109-A0D7-417C-ADC5-873548C9A14B}.Release|Any CPU.ActiveCfg = Release|Any CPU
		{805EB109-A0D7-417C-ADC5-873548C9A14B}.Release|Any CPU.Build.0 = Release|Any CPU
		{805EB109-A0D7-417C-ADC5-873548C9A14B}.Release|Mixed Platforms.ActiveCfg = Release|Any CPU
		{805EB109-A0D7-417C-ADC5-873548C9A14B}.Release|Mixed Platforms.Build.0 = Release|Any CPU
		{0CEE745A-DE35-4DCB-A5C5-94D99925CF31}.Debug|Any CPU.ActiveCfg = Debug|Any CPU
		{0CEE745A-DE35-4DCB-A5C5-94D99925CF31}.Debug|Any CPU.Build.0 = Debug|Any CPU
		{0CEE745A-DE35-4DCB-A5C5-94D99925CF31}.Debug|Mixed Platforms.ActiveCfg = Debug|Any CPU
		{0CEE745A-DE35-4DCB-A5C5-94D99925CF31}.Debug|Mixed Platforms.Build.0 = Debug|Any CPU
		{0CEE745A-DE35-4DCB-A5C5-94D99925CF31}.Release|Any CPU.ActiveCfg = Release|Any CPU
		{0CEE745A-DE35-4DCB-A5C5-94D99925CF31}.Release|Any CPU.Build.0 = Release|Any CPU
		{0CEE745A-DE35-4DCB-A5C5-94D99925CF31}.Release|Mixed Platforms.ActiveCfg = Release|Any CPU
		{0CEE745A-DE35-4DCB-A5C5-94D99925CF31}.Release|Mixed Platforms.Build.0 = Release|Any CPU
		{FCECD2E4-4446-4734-8791-BE40A5E16198}.Debug|Any CPU.ActiveCfg = Debug|Any CPU
		{FCECD2E4-4446-4734-8791-BE40A5E16198}.Debug|Any CPU.Build.0 = Debug|Any CPU
		{FCECD2E4-4446-4734-8791-BE40A5E16198}.Debug|Mixed Platforms.ActiveCfg = Debug|Any CPU
		{FCECD2E4-4446-4734-8791-BE40A5E16198}.Debug|Mixed Platforms.Build.0 = Debug|Any CPU
		{FCECD2E4-4446-4734-8791-BE40A5E16198}.Release|Any CPU.ActiveCfg = Release|Any CPU
		{FCECD2E4-4446-4734-8791-BE40A5E16198}.Release|Any CPU.Build.0 = Release|Any CPU
		{FCECD2E4-4446-4734-8791-BE40A5E16198}.Release|Mixed Platforms.ActiveCfg = Release|Any CPU
		{FCECD2E4-4446-4734-8791-BE40A5E16198}.Release|Mixed Platforms.Build.0 = Release|Any CPU
		{F6873FB1-9171-4747-B1B4-77431B892E16}.Debug|Any CPU.ActiveCfg = Debug|Any CPU
		{F6873FB1-9171-4747-B1B4-77431B892E16}.Debug|Any CPU.Build.0 = Debug|Any CPU
		{F6873FB1-9171-4747-B1B4-77431B892E16}.Debug|Mixed Platforms.ActiveCfg = Debug|Any CPU
		{F6873FB1-9171-4747-B1B4-77431B892E16}.Debug|Mixed Platforms.Build.0 = Debug|Any CPU
		{F6873FB1-9171-4747-B1B4-77431B892E16}.Release|Any CPU.ActiveCfg = Release|Any CPU
		{F6873FB1-9171-4747-B1B4-77431B892E16}.Release|Any CPU.Build.0 = Release|Any CPU
		{F6873FB1-9171-4747-B1B4-77431B892E16}.Release|Mixed Platforms.ActiveCfg = Release|Any CPU
		{F6873FB1-9171-4747-B1B4-77431B892E16}.Release|Mixed Platforms.Build.0 = Release|Any CPU
		{5DBEA933-40FA-4360-9BFE-79B6B99DE657}.Debug|Any CPU.ActiveCfg = Debug|Any CPU
		{5DBEA933-40FA-4360-9BFE-79B6B99DE657}.Debug|Any CPU.Build.0 = Debug|Any CPU
		{5DBEA933-40FA-4360-9BFE-79B6B99DE657}.Debug|Mixed Platforms.ActiveCfg = Debug|Any CPU
		{5DBEA933-40FA-4360-9BFE-79B6B99DE657}.Debug|Mixed Platforms.Build.0 = Debug|Any CPU
		{5DBEA933-40FA-4360-9BFE-79B6B99DE657}.Release|Any CPU.ActiveCfg = Release|Any CPU
		{5DBEA933-40FA-4360-9BFE-79B6B99DE657}.Release|Any CPU.Build.0 = Release|Any CPU
		{5DBEA933-40FA-4360-9BFE-79B6B99DE657}.Release|Mixed Platforms.ActiveCfg = Release|Any CPU
		{5DBEA933-40FA-4360-9BFE-79B6B99DE657}.Release|Mixed Platforms.Build.0 = Release|Any CPU
		{09DA860E-52C9-4371-8255-96ACF8F057CD}.Debug|Any CPU.ActiveCfg = Debug|Any CPU
		{09DA860E-52C9-4371-8255-96ACF8F057CD}.Debug|Any CPU.Build.0 = Debug|Any CPU
		{09DA860E-52C9-4371-8255-96ACF8F057CD}.Debug|Mixed Platforms.ActiveCfg = Debug|Any CPU
		{09DA860E-52C9-4371-8255-96ACF8F057CD}.Debug|Mixed Platforms.Build.0 = Debug|Any CPU
		{09DA860E-52C9-4371-8255-96ACF8F057CD}.Release|Any CPU.ActiveCfg = Release|Any CPU
		{09DA860E-52C9-4371-8255-96ACF8F057CD}.Release|Any CPU.Build.0 = Release|Any CPU
		{09DA860E-52C9-4371-8255-96ACF8F057CD}.Release|Mixed Platforms.ActiveCfg = Release|Any CPU
		{09DA860E-52C9-4371-8255-96ACF8F057CD}.Release|Mixed Platforms.Build.0 = Release|Any CPU
		{6FEFEC25-44C0-499F-AC69-CA530BD34A15}.Debug|Any CPU.ActiveCfg = Debug|Any CPU
		{6FEFEC25-44C0-499F-AC69-CA530BD34A15}.Debug|Any CPU.Build.0 = Debug|Any CPU
		{6FEFEC25-44C0-499F-AC69-CA530BD34A15}.Debug|Mixed Platforms.ActiveCfg = Debug|Any CPU
		{6FEFEC25-44C0-499F-AC69-CA530BD34A15}.Debug|Mixed Platforms.Build.0 = Debug|Any CPU
		{6FEFEC25-44C0-499F-AC69-CA530BD34A15}.Release|Any CPU.ActiveCfg = Release|Any CPU
		{6FEFEC25-44C0-499F-AC69-CA530BD34A15}.Release|Any CPU.Build.0 = Release|Any CPU
		{6FEFEC25-44C0-499F-AC69-CA530BD34A15}.Release|Mixed Platforms.ActiveCfg = Release|Any CPU
		{6FEFEC25-44C0-499F-AC69-CA530BD34A15}.Release|Mixed Platforms.Build.0 = Release|Any CPU
		{CFB32E58-8BE4-4B85-9DC6-77DAB8D3825D}.Debug|Any CPU.ActiveCfg = Debug|Any CPU
		{CFB32E58-8BE4-4B85-9DC6-77DAB8D3825D}.Debug|Any CPU.Build.0 = Debug|Any CPU
		{CFB32E58-8BE4-4B85-9DC6-77DAB8D3825D}.Debug|Mixed Platforms.ActiveCfg = Debug|Any CPU
		{CFB32E58-8BE4-4B85-9DC6-77DAB8D3825D}.Debug|Mixed Platforms.Build.0 = Debug|Any CPU
		{CFB32E58-8BE4-4B85-9DC6-77DAB8D3825D}.Release|Any CPU.ActiveCfg = Release|Any CPU
		{CFB32E58-8BE4-4B85-9DC6-77DAB8D3825D}.Release|Any CPU.Build.0 = Release|Any CPU
		{CFB32E58-8BE4-4B85-9DC6-77DAB8D3825D}.Release|Mixed Platforms.ActiveCfg = Release|Any CPU
		{CFB32E58-8BE4-4B85-9DC6-77DAB8D3825D}.Release|Mixed Platforms.Build.0 = Release|Any CPU
		{660BBDD5-CA4D-4B01-91FB-5F871EEAC0B1}.Debug|Any CPU.ActiveCfg = Debug|Any CPU
		{660BBDD5-CA4D-4B01-91FB-5F871EEAC0B1}.Debug|Any CPU.Build.0 = Debug|Any CPU
		{660BBDD5-CA4D-4B01-91FB-5F871EEAC0B1}.Debug|Mixed Platforms.ActiveCfg = Debug|Any CPU
		{660BBDD5-CA4D-4B01-91FB-5F871EEAC0B1}.Release|Any CPU.ActiveCfg = Debug|Any CPU
		{660BBDD5-CA4D-4B01-91FB-5F871EEAC0B1}.Release|Any CPU.Build.0 = Debug|Any CPU
		{660BBDD5-CA4D-4B01-91FB-5F871EEAC0B1}.Release|Mixed Platforms.ActiveCfg = Debug|Any CPU
		{660BBDD5-CA4D-4B01-91FB-5F871EEAC0B1}.Release|Mixed Platforms.Build.0 = Debug|Any CPU
		{30BBD46A-3371-4ED2-95B4-512FE1C54F88}.Debug|Any CPU.ActiveCfg = Debug|Any CPU
		{30BBD46A-3371-4ED2-95B4-512FE1C54F88}.Debug|Any CPU.Build.0 = Debug|Any CPU
		{30BBD46A-3371-4ED2-95B4-512FE1C54F88}.Debug|Mixed Platforms.ActiveCfg = Debug|Any CPU
		{30BBD46A-3371-4ED2-95B4-512FE1C54F88}.Debug|Mixed Platforms.Build.0 = Debug|Any CPU
		{30BBD46A-3371-4ED2-95B4-512FE1C54F88}.Release|Any CPU.ActiveCfg = Release|Any CPU
		{30BBD46A-3371-4ED2-95B4-512FE1C54F88}.Release|Any CPU.Build.0 = Release|Any CPU
		{30BBD46A-3371-4ED2-95B4-512FE1C54F88}.Release|Mixed Platforms.ActiveCfg = Release|Any CPU
		{30BBD46A-3371-4ED2-95B4-512FE1C54F88}.Release|Mixed Platforms.Build.0 = Release|Any CPU
		{B6E897AE-A59A-483D-8476-3CCCEB62D5A1}.Debug|Any CPU.ActiveCfg = Debug|Any CPU
		{B6E897AE-A59A-483D-8476-3CCCEB62D5A1}.Debug|Any CPU.Build.0 = Debug|Any CPU
		{B6E897AE-A59A-483D-8476-3CCCEB62D5A1}.Debug|Mixed Platforms.ActiveCfg = Debug|Any CPU
		{B6E897AE-A59A-483D-8476-3CCCEB62D5A1}.Debug|Mixed Platforms.Build.0 = Debug|Any CPU
		{B6E897AE-A59A-483D-8476-3CCCEB62D5A1}.Release|Any CPU.ActiveCfg = Release|Any CPU
		{B6E897AE-A59A-483D-8476-3CCCEB62D5A1}.Release|Any CPU.Build.0 = Release|Any CPU
		{B6E897AE-A59A-483D-8476-3CCCEB62D5A1}.Release|Mixed Platforms.ActiveCfg = Release|Any CPU
		{B6E897AE-A59A-483D-8476-3CCCEB62D5A1}.Release|Mixed Platforms.Build.0 = Release|Any CPU
		{D9FFA086-318C-48C6-9DD1-43955382CDEF}.Debug|Any CPU.ActiveCfg = Debug|Any CPU
		{D9FFA086-318C-48C6-9DD1-43955382CDEF}.Debug|Any CPU.Build.0 = Debug|Any CPU
		{D9FFA086-318C-48C6-9DD1-43955382CDEF}.Debug|Mixed Platforms.ActiveCfg = Debug|Any CPU
		{D9FFA086-318C-48C6-9DD1-43955382CDEF}.Debug|Mixed Platforms.Build.0 = Debug|Any CPU
		{D9FFA086-318C-48C6-9DD1-43955382CDEF}.Release|Any CPU.ActiveCfg = Release|Any CPU
		{D9FFA086-318C-48C6-9DD1-43955382CDEF}.Release|Any CPU.Build.0 = Release|Any CPU
		{D9FFA086-318C-48C6-9DD1-43955382CDEF}.Release|Mixed Platforms.ActiveCfg = Release|Any CPU
		{D9FFA086-318C-48C6-9DD1-43955382CDEF}.Release|Mixed Platforms.Build.0 = Release|Any CPU
		{5FB3E456-D1CB-4E2A-819C-7DD6C8D917A4}.Debug|Any CPU.ActiveCfg = Debug|Any CPU
		{5FB3E456-D1CB-4E2A-819C-7DD6C8D917A4}.Debug|Any CPU.Build.0 = Debug|Any CPU
		{5FB3E456-D1CB-4E2A-819C-7DD6C8D917A4}.Debug|Mixed Platforms.ActiveCfg = Debug|Any CPU
		{5FB3E456-D1CB-4E2A-819C-7DD6C8D917A4}.Debug|Mixed Platforms.Build.0 = Debug|Any CPU
		{5FB3E456-D1CB-4E2A-819C-7DD6C8D917A4}.Release|Any CPU.ActiveCfg = Release|Any CPU
		{5FB3E456-D1CB-4E2A-819C-7DD6C8D917A4}.Release|Any CPU.Build.0 = Release|Any CPU
		{5FB3E456-D1CB-4E2A-819C-7DD6C8D917A4}.Release|Mixed Platforms.ActiveCfg = Release|Any CPU
		{5FB3E456-D1CB-4E2A-819C-7DD6C8D917A4}.Release|Mixed Platforms.Build.0 = Release|Any CPU
		{4ED22F59-EF41-496B-A3BB-DB2DF8272939}.Debug|Any CPU.ActiveCfg = Debug|Any CPU
		{4ED22F59-EF41-496B-A3BB-DB2DF8272939}.Debug|Any CPU.Build.0 = Debug|Any CPU
		{4ED22F59-EF41-496B-A3BB-DB2DF8272939}.Debug|Mixed Platforms.ActiveCfg = Debug|Any CPU
		{4ED22F59-EF41-496B-A3BB-DB2DF8272939}.Debug|Mixed Platforms.Build.0 = Debug|Any CPU
		{4ED22F59-EF41-496B-A3BB-DB2DF8272939}.Release|Any CPU.ActiveCfg = Release|Any CPU
		{4ED22F59-EF41-496B-A3BB-DB2DF8272939}.Release|Any CPU.Build.0 = Release|Any CPU
		{4ED22F59-EF41-496B-A3BB-DB2DF8272939}.Release|Mixed Platforms.ActiveCfg = Release|Any CPU
		{4ED22F59-EF41-496B-A3BB-DB2DF8272939}.Release|Mixed Platforms.Build.0 = Release|Any CPU
	EndGlobalSection
	GlobalSection(SolutionProperties) = preSolution
		HideSolutionNode = FALSE
	EndGlobalSection
	GlobalSection(NestedProjects) = preSolution
		{37BE685B-7789-4CFD-9F9C-4633C3A5778E} = {EC4B88B3-578B-41D7-AF90-B39F2E74C96A}
		{B086D515-2DD4-4B2C-AC83-B8AED4B64381} = {EC4B88B3-578B-41D7-AF90-B39F2E74C96A}
		{63BD8284-C3C4-4C99-86EB-99319C4CECE4} = {37BE685B-7789-4CFD-9F9C-4633C3A5778E}
		{4F0D17C3-EDF5-4E55-9704-03B5CC2E1265} = {37BE685B-7789-4CFD-9F9C-4633C3A5778E}
		{0FC8F7AD-3814-4861-98D9-D518A44503AD} = {37BE685B-7789-4CFD-9F9C-4633C3A5778E}
		{F44B7F70-482F-4B58-9E83-506188E56CE7} = {37BE685B-7789-4CFD-9F9C-4633C3A5778E}
		{805EB109-A0D7-417C-ADC5-873548C9A14B} = {37BE685B-7789-4CFD-9F9C-4633C3A5778E}
		{F6873FB1-9171-4747-B1B4-77431B892E16} = {37BE685B-7789-4CFD-9F9C-4633C3A5778E}
		{6FEFEC25-44C0-499F-AC69-CA530BD34A15} = {37BE685B-7789-4CFD-9F9C-4633C3A5778E}
		{CFB32E58-8BE4-4B85-9DC6-77DAB8D3825D} = {37BE685B-7789-4CFD-9F9C-4633C3A5778E}
		{30BBD46A-3371-4ED2-95B4-512FE1C54F88} = {37BE685B-7789-4CFD-9F9C-4633C3A5778E}
		{B6E897AE-A59A-483D-8476-3CCCEB62D5A1} = {37BE685B-7789-4CFD-9F9C-4633C3A5778E}
		{D9FFA086-318C-48C6-9DD1-43955382CDEF} = {37BE685B-7789-4CFD-9F9C-4633C3A5778E}
		{4ED22F59-EF41-496B-A3BB-DB2DF8272939} = {37BE685B-7789-4CFD-9F9C-4633C3A5778E}
		{6AF77849-4E47-4E74-8944-4BDAD509C0A3} = {B086D515-2DD4-4B2C-AC83-B8AED4B64381}
		{112F669E-84E6-4124-961B-7EFE7C89852B} = {B086D515-2DD4-4B2C-AC83-B8AED4B64381}
		{E01DB85D-70F0-4A32-AD9D-9D5CA1771D85} = {B086D515-2DD4-4B2C-AC83-B8AED4B64381}
		{8773EC29-792D-4EB1-BAB3-5137E34DF82C} = {B086D515-2DD4-4B2C-AC83-B8AED4B64381}
		{0548FFEE-28AF-4A67-A41E-4783A38E952C} = {B086D515-2DD4-4B2C-AC83-B8AED4B64381}
		{19EA37AD-EAE6-40E7-8440-F455F65D1BD5} = {B086D515-2DD4-4B2C-AC83-B8AED4B64381}
		{C714C93B-B55D-4842-9D7F-98C7A2272FA4} = {B086D515-2DD4-4B2C-AC83-B8AED4B64381}
		{B9C7C3B9-D1B7-4A2A-9D9A-2B855FCF927E} = {B086D515-2DD4-4B2C-AC83-B8AED4B64381}
		{1D3E59E6-F1A1-4244-9D95-20ADBBCD1DF0} = {B086D515-2DD4-4B2C-AC83-B8AED4B64381}
		{0CEE745A-DE35-4DCB-A5C5-94D99925CF31} = {B086D515-2DD4-4B2C-AC83-B8AED4B64381}
		{FCECD2E4-4446-4734-8791-BE40A5E16198} = {B086D515-2DD4-4B2C-AC83-B8AED4B64381}
		{5DBEA933-40FA-4360-9BFE-79B6B99DE657} = {B086D515-2DD4-4B2C-AC83-B8AED4B64381}
		{09DA860E-52C9-4371-8255-96ACF8F057CD} = {B086D515-2DD4-4B2C-AC83-B8AED4B64381}
		{5FB3E456-D1CB-4E2A-819C-7DD6C8D917A4} = {B086D515-2DD4-4B2C-AC83-B8AED4B64381}
	EndGlobalSection
EndGlobal
